
Microsoft Visual Studio Solution File, Format Version 12.00
# Visual Studio Version 17
VisualStudioVersion = 17.14.36429.23 d17.14
MinimumVisualStudioVersion = 10.0.40219.1
Project("{FAE04EC0-301F-11D3-BF4B-00C04F79EFBC}") = "ToDoList", "ToDoList\ToDoList.csproj", "{416527BA-39F2-4154-91DF-D0FEC3719A09}"
EndProject
Project("{FAE04EC0-301F-11D3-BF4B-00C04F79EFBC}") = "ToDoList.Core", "ToDoList.Core\ToDoList.Core.csproj", "{C256BDCC-8AE9-4524-92F0-7380A1765555}"
EndProject
Project("{FAE04EC0-301F-11D3-BF4B-00C04F79EFBC}") = "ToDoList.Infrastructure", "ToDoList.Infrastructure\ToDoList.Infrastructure.csproj", "{A664D34B-6411-436A-9EA9-53D18A8790A4}"
EndProject
Global
	GlobalSection(SolutionConfigurationPlatforms) = preSolution
		Debug|Any CPU = Debug|Any CPU
		Release|Any CPU = Release|Any CPU
	EndGlobalSection
	GlobalSection(ProjectConfigurationPlatforms) = postSolution
		{416527BA-39F2-4154-91DF-D0FEC3719A09}.Debug|Any CPU.ActiveCfg = Debug|Any CPU
		{416527BA-39F2-4154-91DF-D0FEC3719A09}.Debug|Any CPU.Build.0 = Debug|Any CPU
		{416527BA-39F2-4154-91DF-D0FEC3719A09}.Release|Any CPU.ActiveCfg = Release|Any CPU
		{416527BA-39F2-4154-91DF-D0FEC3719A09}.Release|Any CPU.Build.0 = Release|Any CPU
		{C256BDCC-8AE9-4524-92F0-7380A1765555}.Debug|Any CPU.ActiveCfg = Debug|Any CPU
		{C256BDCC-8AE9-4524-92F0-7380A1765555}.Debug|Any CPU.Build.0 = Debug|Any CPU
		{C256BDCC-8AE9-4524-92F0-7380A1765555}.Release|Any CPU.ActiveCfg = Release|Any CPU
		{C256BDCC-8AE9-4524-92F0-7380A1765555}.Release|Any CPU.Build.0 = Release|Any CPU
		{A664D34B-6411-436A-9EA9-53D18A8790A4}.Debug|Any CPU.ActiveCfg = Debug|Any CPU
		{A664D34B-6411-436A-9EA9-53D18A8790A4}.Debug|Any CPU.Build.0 = Debug|Any CPU
		{A664D34B-6411-436A-9EA9-53D18A8790A4}.Release|Any CPU.ActiveCfg = Release|Any CPU
		{A664D34B-6411-436A-9EA9-53D18A8790A4}.Release|Any CPU.Build.0 = Release|Any CPU
	EndGlobalSection
	GlobalSection(SolutionProperties) = preSolution
		HideSolutionNode = FALSE
	EndGlobalSection
	GlobalSection(ExtensibilityGlobals) = postSolution
		SolutionGuid = {32600A04-55D4-45C6-B8E5-D29F14B9DC73}
	EndGlobalSection
EndGlobal
